
Microsoft Visual Studio Solution File, Format Version 11.00
# Visual Studio 2010
Project("{FAE04EC0-301F-11D3-BF4B-00C04F79EFBC}") = "StaffSalaries.WebUI", "StaffSalaries.WebUI\StaffSalaries.WebUI.csproj", "{65F3653F-DCB5-439B-9FBA-6F48D043A857}"
EndProject
Project("{FAE04EC0-301F-11D3-BF4B-00C04F79EFBC}") = "StaffSalaries.Presentation", "StaffSalaries.Presentation\StaffSalaries.Presentation.csproj", "{4F47F827-C50F-4534-88CD-13327729ED74}"
EndProject
Project("{FAE04EC0-301F-11D3-BF4B-00C04F79EFBC}") = "StaffSalaries.Model", "StaffSalaries.Model\StaffSalaries.Model.csproj", "{91FEA08D-0DDD-461A-8133-7080D66166B0}"
EndProject
Project("{FAE04EC0-301F-11D3-BF4B-00C04F79EFBC}") = "StaffSalaries.Repository", "StaffSalaries.Repository\StaffSalaries.Repository.csproj", "{90675EDF-9905-4BAB-8451-24470212285F}"
EndProject
Project("{FAE04EC0-301F-11D3-BF4B-00C04F79EFBC}") = "StaffSalaries.Service", "StaffSalaries.Service\StaffSalaries.Service.csproj", "{AA93F579-0AE9-4434-B718-BFB4CE376023}"
EndProject
Project("{2150E333-8FDC-42A3-9474-1A3956D46DE8}") = "1. Data Access Layer", "1. Data Access Layer", "{9C197117-ED2D-4692-90DC-F14DE208BCB5}"
EndProject
Project("{2150E333-8FDC-42A3-9474-1A3956D46DE8}") = "2. Business Logic Layer", "2. Business Logic Layer", "{F200C7B8-ED54-43E9-9E77-1D5E64FD6639}"
EndProject
Project("{2150E333-8FDC-42A3-9474-1A3956D46DE8}") = "3. Service Layer", "3. Service Layer", "{7A6CF27B-443E-49CA-B648-D4A7A08F33C7}"
EndProject
Project("{2150E333-8FDC-42A3-9474-1A3956D46DE8}") = "5. Presentation Layer", "5. Presentation Layer", "{DF8682A9-9E93-46BE-B40E-9122886DEDB8}"
EndProject
Project("{2150E333-8FDC-42A3-9474-1A3956D46DE8}") = "6. User Experience Layer", "6. User Experience Layer", "{6521EB6C-3D03-4806-B82F-5C5C12F29ABB}"
EndProject
Project("{FAE04EC0-301F-11D3-BF4B-00C04F79EFBC}") = "StaffSalaries.Facade", "StaffSalaries.Facade\StaffSalaries.Facade.csproj", "{A9EBC218-4041-4ED5-861D-A18C6E3E3B12}"
EndProject
Project("{2150E333-8FDC-42A3-9474-1A3956D46DE8}") = "4. Facade", "4. Facade", "{B3EB6688-D80D-45B6-8E57-638C34975649}"
EndProject
Project("{FAE04EC0-301F-11D3-BF4B-00C04F79EFBC}") = "StaffSalaries.WebService", "StaffSalaries.WebService\StaffSalaries.WebService.csproj", "{400EC51A-136D-45BF-937C-9C792667F8C7}"
EndProject
Project("{2150E333-8FDC-42A3-9474-1A3956D46DE8}") = "2. Shared", "2. Shared", "{34FC8927-33DA-4F36-A96E-C0B8F8BFB08D}"
EndProject
Project("{2150E333-8FDC-42A3-9474-1A3956D46DE8}") = "3. Client", "3. Client", "{A2871515-7CAB-4928-81CA-D1392DCEFCD0}"
EndProject
Project("{2150E333-8FDC-42A3-9474-1A3956D46DE8}") = "1. WebService", "1. WebService", "{AE0840B0-3E0A-437E-8923-D608BB5C01A7}"
EndProject
Global
	GlobalSection(SolutionConfigurationPlatforms) = preSolution
		Debug|Any CPU = Debug|Any CPU
		Release|Any CPU = Release|Any CPU
	EndGlobalSection
	GlobalSection(ProjectConfigurationPlatforms) = postSolution
		{65F3653F-DCB5-439B-9FBA-6F48D043A857}.Debug|Any CPU.ActiveCfg = Debug|Any CPU
		{65F3653F-DCB5-439B-9FBA-6F48D043A857}.Debug|Any CPU.Build.0 = Debug|Any CPU
		{65F3653F-DCB5-439B-9FBA-6F48D043A857}.Release|Any CPU.ActiveCfg = Release|Any CPU
		{65F3653F-DCB5-439B-9FBA-6F48D043A857}.Release|Any CPU.Build.0 = Release|Any CPU
		{4F47F827-C50F-4534-88CD-13327729ED74}.Debug|Any CPU.ActiveCfg = Debug|Any CPU
		{4F47F827-C50F-4534-88CD-13327729ED74}.Debug|Any CPU.Build.0 = Debug|Any CPU
		{4F47F827-C50F-4534-88CD-13327729ED74}.Release|Any CPU.ActiveCfg = Release|Any CPU
		{4F47F827-C50F-4534-88CD-13327729ED74}.Release|Any CPU.Build.0 = Release|Any CPU
		{91FEA08D-0DDD-461A-8133-7080D66166B0}.Debug|Any CPU.ActiveCfg = Debug|Any CPU
		{91FEA08D-0DDD-461A-8133-7080D66166B0}.Debug|Any CPU.Build.0 = Debug|Any CPU
		{91FEA08D-0DDD-461A-8133-7080D66166B0}.Release|Any CPU.ActiveCfg = Release|Any CPU
		{91FEA08D-0DDD-461A-8133-7080D66166B0}.Release|Any CPU.Build.0 = Release|Any CPU
		{90675EDF-9905-4BAB-8451-24470212285F}.Debug|Any CPU.ActiveCfg = Debug|Any CPU
		{90675EDF-9905-4BAB-8451-24470212285F}.Debug|Any CPU.Build.0 = Debug|Any CPU
		{90675EDF-9905-4BAB-8451-24470212285F}.Release|Any CPU.ActiveCfg = Release|Any CPU
		{90675EDF-9905-4BAB-8451-24470212285F}.Release|Any CPU.Build.0 = Release|Any CPU
		{AA93F579-0AE9-4434-B718-BFB4CE376023}.Debug|Any CPU.ActiveCfg = Debug|Any CPU
		{AA93F579-0AE9-4434-B718-BFB4CE376023}.Debug|Any CPU.Build.0 = Debug|Any CPU
		{AA93F579-0AE9-4434-B718-BFB4CE376023}.Release|Any CPU.ActiveCfg = Release|Any CPU
		{AA93F579-0AE9-4434-B718-BFB4CE376023}.Release|Any CPU.Build.0 = Release|Any CPU
		{A9EBC218-4041-4ED5-861D-A18C6E3E3B12}.Debug|Any CPU.ActiveCfg = Debug|Any CPU
		{A9EBC218-4041-4ED5-861D-A18C6E3E3B12}.Debug|Any CPU.Build.0 = Debug|Any CPU
		{A9EBC218-4041-4ED5-861D-A18C6E3E3B12}.Release|Any CPU.ActiveCfg = Release|Any CPU
		{A9EBC218-4041-4ED5-861D-A18C6E3E3B12}.Release|Any CPU.Build.0 = Release|Any CPU
		{400EC51A-136D-45BF-937C-9C792667F8C7}.Debug|Any CPU.ActiveCfg = Debug|Any CPU
		{400EC51A-136D-45BF-937C-9C792667F8C7}.Debug|Any CPU.Build.0 = Debug|Any CPU
		{400EC51A-136D-45BF-937C-9C792667F8C7}.Release|Any CPU.ActiveCfg = Release|Any CPU
		{400EC51A-136D-45BF-937C-9C792667F8C7}.Release|Any CPU.Build.0 = Release|Any CPU
	EndGlobalSection
	GlobalSection(SolutionProperties) = preSolution
		HideSolutionNode = FALSE
	EndGlobalSection
	GlobalSection(NestedProjects) = preSolution
		{65F3653F-DCB5-439B-9FBA-6F48D043A857} = {6521EB6C-3D03-4806-B82F-5C5C12F29ABB}
		{4F47F827-C50F-4534-88CD-13327729ED74} = {DF8682A9-9E93-46BE-B40E-9122886DEDB8}
		{91FEA08D-0DDD-461A-8133-7080D66166B0} = {F200C7B8-ED54-43E9-9E77-1D5E64FD6639}
		{90675EDF-9905-4BAB-8451-24470212285F} = {9C197117-ED2D-4692-90DC-F14DE208BCB5}
		{AA93F579-0AE9-4434-B718-BFB4CE376023} = {7A6CF27B-443E-49CA-B648-D4A7A08F33C7}
		{A9EBC218-4041-4ED5-861D-A18C6E3E3B12} = {B3EB6688-D80D-45B6-8E57-638C34975649}
		{9C197117-ED2D-4692-90DC-F14DE208BCB5} = {34FC8927-33DA-4F36-A96E-C0B8F8BFB08D}
		{F200C7B8-ED54-43E9-9E77-1D5E64FD6639} = {34FC8927-33DA-4F36-A96E-C0B8F8BFB08D}
		{7A6CF27B-443E-49CA-B648-D4A7A08F33C7} = {34FC8927-33DA-4F36-A96E-C0B8F8BFB08D}
		{B3EB6688-D80D-45B6-8E57-638C34975649} = {A2871515-7CAB-4928-81CA-D1392DCEFCD0}
		{DF8682A9-9E93-46BE-B40E-9122886DEDB8} = {A2871515-7CAB-4928-81CA-D1392DCEFCD0}
		{6521EB6C-3D03-4806-B82F-5C5C12F29ABB} = {A2871515-7CAB-4928-81CA-D1392DCEFCD0}
		{400EC51A-136D-45BF-937C-9C792667F8C7} = {AE0840B0-3E0A-437E-8923-D608BB5C01A7}
	EndGlobalSection
EndGlobal
